
Microsoft Visual Studio Solution File, Format Version 12.00
# Visual Studio 15
VisualStudioVersion = 15.0.28010.2036
MinimumVisualStudioVersion = 10.0.40219.1
Project("{FAE04EC0-301F-11D3-BF4B-00C04F79EFBC}") = "Assign1_2", "Assign1_2\Assign1_2.csproj", "{6BB65A08-9302-4431-A980-26AC0C300C4E}"
EndProject
Global
	GlobalSection(SolutionConfigurationPlatforms) = preSolution
		Debug|Any CPU = Debug|Any CPU
		Release|Any CPU = Release|Any CPU
	EndGlobalSection
	GlobalSection(ProjectConfigurationPlatforms) = postSolution
		{6BB65A08-9302-4431-A980-26AC0C300C4E}.Debug|Any CPU.ActiveCfg = Debug|Any CPU
		{6BB65A08-9302-4431-A980-26AC0C300C4E}.Debug|Any CPU.Build.0 = Debug|Any CPU
		{6BB65A08-9302-4431-A980-26AC0C300C4E}.Release|Any CPU.ActiveCfg = Release|Any CPU
		{6BB65A08-9302-4431-A980-26AC0C300C4E}.Release|Any CPU.Build.0 = Release|Any CPU
	EndGlobalSection
	GlobalSection(SolutionProperties) = preSolution
		HideSolutionNode = FALSE
	EndGlobalSection
	GlobalSection(ExtensibilityGlobals) = postSolution
		SolutionGuid = {FCF4498B-66E8-45D1-97CD-9116E6EEAC40}
	EndGlobalSection
EndGlobal
