
Microsoft Visual Studio Solution File, Format Version 12.00
# Visual Studio 15
VisualStudioVersion = 15.0.28010.2036
MinimumVisualStudioVersion = 10.0.40219.1
Project("{FAE04EC0-301F-11D3-BF4B-00C04F79EFBC}") = "Assignment3", "Assignment3\Assignment3.csproj", "{FABA73C2-DD9F-4025-94A1-81CF16759449}"
EndProject
Global
	GlobalSection(SolutionConfigurationPlatforms) = preSolution
		Debug|Any CPU = Debug|Any CPU
		Release|Any CPU = Release|Any CPU
	EndGlobalSection
	GlobalSection(ProjectConfigurationPlatforms) = postSolution
		{FABA73C2-DD9F-4025-94A1-81CF16759449}.Debug|Any CPU.ActiveCfg = Debug|Any CPU
		{FABA73C2-DD9F-4025-94A1-81CF16759449}.Debug|Any CPU.Build.0 = Debug|Any CPU
		{FABA73C2-DD9F-4025-94A1-81CF16759449}.Release|Any CPU.ActiveCfg = Release|Any CPU
		{FABA73C2-DD9F-4025-94A1-81CF16759449}.Release|Any CPU.Build.0 = Release|Any CPU
	EndGlobalSection
	GlobalSection(SolutionProperties) = preSolution
		HideSolutionNode = FALSE
	EndGlobalSection
	GlobalSection(ExtensibilityGlobals) = postSolution
		SolutionGuid = {07874146-54F7-418D-AB32-F95F4F9137E2}
	EndGlobalSection
EndGlobal
